Microsoft Visual Studio Solution File, Format Version 12.00
# Visual Studio Version 17
VisualStudioVersion = 17.0.31903.59
MinimumVisualStudioVersion = 10.0.40219.1
Project("{FAE04EC0-301F-11D3-BF4B-00C04F79EFBC}") = "LoginService", "src\LoginService\LoginService.csproj", "{B19142B1-7D99-4AF7-B875-BBB30C98F24D}"
EndProject
Project("{FAE04EC0-301F-11D3-BF4B-00C04F79EFBC}") = "Shared", "src\Shared\Shared.csproj", "{C4257D69-8615-4262-A014-1F83DB16E137}"
EndProject
Project("{FAE04EC0-301F-11D3-BF4B-00C04F79EFBC}") = "GatewayService", "src\GatewayService\GatewayService.csproj", "{D7118B28-A160-4B9B-AF18-4ED713CAEE8F}"
EndProject
Project("{FAE04EC0-301F-11D3-BF4B-00C04F79EFBC}") = "GameServer", "src\GameServer\GameServer.csproj", "{1CC00F7A-2F59-4A1E-9D22-16310F5CA321}"
EndProject
Global
	GlobalSection(SolutionConfigurationPlatforms) = preSolution
		Debug|Any CPU = Debug|Any CPU
		Release|Any CPU = Release|Any CPU
	EndGlobalSection
	GlobalSection(ProjectConfigurationPlatforms) = postSolution
		{B19142B1-7D99-4AF7-B875-BBB30C98F24D}.Debug|Any CPU.ActiveCfg = Debug|Any CPU
		{B19142B1-7D99-4AF7-B875-BBB30C98F24D}.Debug|Any CPU.Build.0 = Debug|Any CPU
		{B19142B1-7D99-4AF7-B875-BBB30C98F24D}.Release|Any CPU.ActiveCfg = Release|Any CPU
		{B19142B1-7D99-4AF7-B875-BBB30C98F24D}.Release|Any CPU.Build.0 = Release|Any CPU
		{C4257D69-8615-4262-A014-1F83DB16E137}.Debug|Any CPU.ActiveCfg = Debug|Any CPU
		{C4257D69-8615-4262-A014-1F83DB16E137}.Debug|Any CPU.Build.0 = Debug|Any CPU
		{C4257D69-8615-4262-A014-1F83DB16E137}.Release|Any CPU.ActiveCfg = Release|Any CPU
		{C4257D69-8615-4262-A014-1F83DB16E137}.Release|Any CPU.Build.0 = Release|Any CPU
		{D7118B28-A160-4B9B-AF18-4ED713CAEE8F}.Debug|Any CPU.ActiveCfg = Debug|Any CPU
		{D7118B28-A160-4B9B-AF18-4ED713CAEE8F}.Debug|Any CPU.Build.0 = Debug|Any CPU
		{D7118B28-A160-4B9B-AF18-4ED713CAEE8F}.Release|Any CPU.ActiveCfg = Release|Any CPU
		{D7118B28-A160-4B9B-AF18-4ED713CAEE8F}.Release|Any CPU.Build.0 = Release|Any CPU
		{1CC00F7A-2F59-4A1E-9D22-16310F5CA321}.Debug|Any CPU.ActiveCfg = Debug|Any CPU
		{1CC00F7A-2F59-4A1E-9D22-16310F5CA321}.Debug|Any CPU.Build.0 = Debug|Any CPU
		{1CC00F7A-2F59-4A1E-9D22-16310F5CA321}.Release|Any CPU.ActiveCfg = Release|Any CPU
		{1CC00F7A-2F59-4A1E-9D22-16310F5CA321}.Release|Any CPU.Build.0 = Release|Any CPU
	EndGlobalSection
EndGlobal
